<?xml version="1.0" encoding="utf-8"?>
<Project ToolsVersion="4.0" xmlns="http://schemas.microsoft.com/developer/msbuild/2003">
  <ItemGroup>
    <Filter Include="Arquivos de Origem">
      <UniqueIdentifier>{4FC737F1-C7A5-4376-A066-2A32D752A2FF}</UniqueIdentifier>
      <Extensions>cpp;c;cc;cxx;def;odl;idl;hpj;bat;asm;asmx</Extensions>
    </Filter>
    <Filter Include="Arquivos de Cabeçalho">
      <UniqueIdentifier>{93995380-89BD-4b04-88EB-625FBE52EBFB}</UniqueIdentifier>
      <Extensions>h;hh;hpp;hxx;hm;inl;inc;ipp;xsd</Extensions>
    </Filter>
    <Filter Include="Arquivos de Recurso">
      <UniqueIdentifier>{67DA6AB6-F800-4c08-8B7A-83BB121AAD01}</UniqueIdentifier>
      <Extensions>rc;ico;cur;bmp;dlg;rc2;rct;bin;rgs;gif;jpg;jpeg;jpe;resx;tiff;tif;png;wav;mfcribbon-ms</Extensions>
    </Filter>
    <Filter Include="Arquivos de Recurso\pajek">
      <UniqueIdentifier>{394543f3-9f26-4ad5-99ac-20e7717f82ec}</UniqueIdentifier>
    </Filter>
    <Filter Include="Arquivos de Recurso\data">
      <UniqueIdentifier>{cf163dfc-748b-4239-ac8d-f1587c281af4}</UniqueIdentifier>
    </Filter>
  </ItemGroup>
  <ItemGroup>
    <ClCompile Include="No.cpp">
      <Filter>Arquivos de Origem</Filter>
    </ClCompile>
    <ClCompile Include="Explorador.cpp">
      <Filter>Arquivos de Origem</Filter>
    </ClCompile>
    <ClCompile Include="GrafoM.cpp">
      <Filter>Arquivos de Origem</Filter>
    </ClCompile>
    <ClCompile Include="main.cpp">
      <Filter>Arquivos de Origem</Filter>
    </ClCompile>
  </ItemGroup>
  <ItemGroup>
    <ClInclude Include="No.h">
      <Filter>Arquivos de Cabeçalho</Filter>
    </ClInclude>
    <ClInclude Include="GrafoM.h">
      <Filter>Arquivos de Cabeçalho</Filter>
    </ClInclude>
    <ClInclude Include="Explorador.h">
      <Filter>Arquivos de Cabeçalho</Filter>
    </ClInclude>
  </ItemGroup>
  <ItemGroup>
    <None Include="pajekBase\exemplo.net">
      <Filter>Arquivos de Recurso\pajek</Filter>
    </None>
    <None Include="dataBase\openflights_routes_complete.csv">
      <Filter>Arquivos de Recurso\data</Filter>
    </None>
    <None Include="dataBase\openflights_routes_complete_mod.csv">
      <Filter>Arquivos de Recurso\data</Filter>
    </None>
    <None Include="dataBase\openflights_routes_minimo.csv">
      <Filter>Arquivos de Recurso\data</Filter>
    </None>
    <None Include="dataBase\openflights_routes_sample.csv">
      <Filter>Arquivos de Recurso\data</Filter>
    </None>
  </ItemGroup>
</Project>